# THIS IS AN AUTOGENERATED FILE. DO NOT EDIT THIS FILE DIRECTLY.
# yarn lockfile v1


"@darrell.bleakley/twc@^0.0.1":
  version "0.0.1"
  resolved "https://registry.yarnpkg.com/@darrell.bleakley/twc/-/twc-0.0.1.tgz#676732b3e009f0be2df3439d0ca8c2454683a977"
  integrity sha512-wI4CJ7TVK56fhk7UD7GvDc3p+ikSZmy/ys+w2WWQaGtymgzJdjzpCeWD+/4IKO+hrocpF5blxiI+ohJGVQ0zcQ==

"@darrell.bleakley/twr@0.3.0-canary.1":
  version "0.3.0-canary.1"
  resolved "https://registry.yarnpkg.com/@darrell.bleakley/twr/-/twr-0.3.0-canary.1.tgz#1fe7fc037fd74c8fe9011e2608d3eea0cf22dda3"
  integrity sha512-4mz2a449xdiK4OPxpESBsOeYztTGOEuIkbA5HUsJ0Jte2SFPlWNy3c8f0lv0bIvApRXKPOpntC5v4Irw+hjfyA==
  dependencies:
    "@darrell.bleakley/twc" "^0.0.1"
